
Microsoft Visual Studio Solution File, Format Version 12.00
# Visual Studio 15
VisualStudioVersion = 15.0.28307.645
MinimumVisualStudioVersion = 10.0.40219.1
Project("{FAE04EC0-301F-11D3-BF4B-00C04F79EFBC}") = "XpenseWS", "XpenseWS\XpenseWS.csproj", "{F52C69CA-B061-4777-819A-D24B0DB1B57C}"
EndProject
Global
	GlobalSection(SolutionConfigurationPlatforms) = preSolution
		Debug|Any CPU = Debug|Any CPU
		Release|Any CPU = Release|Any CPU
	EndGlobalSection
	GlobalSection(ProjectConfigurationPlatforms) = postSolution
		{F52C69CA-B061-4777-819A-D24B0DB1B57C}.Debug|Any CPU.ActiveCfg = Debug|Any CPU
		{F52C69CA-B061-4777-819A-D24B0DB1B57C}.Debug|Any CPU.Build.0 = Debug|Any CPU
		{F52C69CA-B061-4777-819A-D24B0DB1B57C}.Release|Any CPU.ActiveCfg = Release|Any CPU
		{F52C69CA-B061-4777-819A-D24B0DB1B57C}.Release|Any CPU.Build.0 = Release|Any CPU
	EndGlobalSection
	GlobalSection(SolutionProperties) = preSolution
		HideSolutionNode = FALSE
	EndGlobalSection
	GlobalSection(ExtensibilityGlobals) = postSolution
		SolutionGuid = {5D628A8B-2BFB-424C-981C-217088F51B65}
	EndGlobalSection
EndGlobal
